
Microsoft Visual Studio Solution File, Format Version 12.00
# Visual Studio Version 17
VisualStudioVersion = 17.2.32630.192
MinimumVisualStudioVersion = 10.0.40219.1
Project("{FAE04EC0-301F-11D3-BF4B-00C04F79EFBC}") = "AppDomainDynamicUnload", "AppDomainDynamicUnload\AppDomainDynamicUnload.csproj", "{870B94EA-2BB2-445E-BA5F-F6E19CC951E8}"
EndProject
Project("{FAE04EC0-301F-11D3-BF4B-00C04F79EFBC}") = "SampleLibrary", "SampleLibrary\SampleLibrary.csproj", "{897FEDBA-6E89-4744-929B-BB6E9BC773AB}"
EndProject
Global
	GlobalSection(SolutionConfigurationPlatforms) = preSolution
		Debug|Any CPU = Debug|Any CPU
		Release|Any CPU = Release|Any CPU
	EndGlobalSection
	GlobalSection(ProjectConfigurationPlatforms) = postSolution
		{870B94EA-2BB2-445E-BA5F-F6E19CC951E8}.Debug|Any CPU.ActiveCfg = Debug|Any CPU
		{870B94EA-2BB2-445E-BA5F-F6E19CC951E8}.Debug|Any CPU.Build.0 = Debug|Any CPU
		{870B94EA-2BB2-445E-BA5F-F6E19CC951E8}.Release|Any CPU.ActiveCfg = Release|Any CPU
		{870B94EA-2BB2-445E-BA5F-F6E19CC951E8}.Release|Any CPU.Build.0 = Release|Any CPU
		{897FEDBA-6E89-4744-929B-BB6E9BC773AB}.Debug|Any CPU.ActiveCfg = Debug|Any CPU
		{897FEDBA-6E89-4744-929B-BB6E9BC773AB}.Debug|Any CPU.Build.0 = Debug|Any CPU
		{897FEDBA-6E89-4744-929B-BB6E9BC773AB}.Release|Any CPU.ActiveCfg = Release|Any CPU
		{897FEDBA-6E89-4744-929B-BB6E9BC773AB}.Release|Any CPU.Build.0 = Release|Any CPU
	EndGlobalSection
	GlobalSection(SolutionProperties) = preSolution
		HideSolutionNode = FALSE
	EndGlobalSection
	GlobalSection(ExtensibilityGlobals) = postSolution
		SolutionGuid = {B2832FD7-3010-4FEA-BBA4-F0A5C402F97F}
	EndGlobalSection
EndGlobal
