
Microsoft Visual Studio Solution File, Format Version 12.00
# Visual Studio Version 16
VisualStudioVersion = 16.0.30907.101
MinimumVisualStudioVersion = 10.0.40219.1
Project("{FAE04EC0-301F-11D3-BF4B-00C04F79EFBC}") = "ConsoleApp4", "ConsoleApp4\ConsoleApp4.csproj", "{0577FC79-5208-425A-8909-4CE8ACB33C34}"
EndProject
Global
	GlobalSection(SolutionConfigurationPlatforms) = preSolution
		Debug|Any CPU = Debug|Any CPU
		Release|Any CPU = Release|Any CPU
	EndGlobalSection
	GlobalSection(ProjectConfigurationPlatforms) = postSolution
		{0577FC79-5208-425A-8909-4CE8ACB33C34}.Debug|Any CPU.ActiveCfg = Debug|Any CPU
		{0577FC79-5208-425A-8909-4CE8ACB33C34}.Debug|Any CPU.Build.0 = Debug|Any CPU
		{0577FC79-5208-425A-8909-4CE8ACB33C34}.Release|Any CPU.ActiveCfg = Release|Any CPU
		{0577FC79-5208-425A-8909-4CE8ACB33C34}.Release|Any CPU.Build.0 = Release|Any CPU
	EndGlobalSection
	GlobalSection(SolutionProperties) = preSolution
		HideSolutionNode = FALSE
	EndGlobalSection
	GlobalSection(ExtensibilityGlobals) = postSolution
		SolutionGuid = {72D051FE-22CC-45D5-838E-DEF29FAC7E94}
	EndGlobalSection
EndGlobal
