
Microsoft Visual Studio Solution File, Format Version 12.00
# Visual Studio Version 17
VisualStudioVersion = 17.2.32630.192
MinimumVisualStudioVersion = 10.0.40219.1
Project("{FAE04EC0-301F-11D3-BF4B-00C04F79EFBC}") = "UsingThread", "UsingThread\UsingThread.csproj", "{26D93F7A-799E-4D01-AFAE-090BEA5CCD6A}"
EndProject
Global
	GlobalSection(SolutionConfigurationPlatforms) = preSolution
		Debug|Any CPU = Debug|Any CPU
		Release|Any CPU = Release|Any CPU
	EndGlobalSection
	GlobalSection(ProjectConfigurationPlatforms) = postSolution
		{26D93F7A-799E-4D01-AFAE-090BEA5CCD6A}.Debug|Any CPU.ActiveCfg = Debug|Any CPU
		{26D93F7A-799E-4D01-AFAE-090BEA5CCD6A}.Debug|Any CPU.Build.0 = Debug|Any CPU
		{26D93F7A-799E-4D01-AFAE-090BEA5CCD6A}.Release|Any CPU.ActiveCfg = Release|Any CPU
		{26D93F7A-799E-4D01-AFAE-090BEA5CCD6A}.Release|Any CPU.Build.0 = Release|Any CPU
	EndGlobalSection
	GlobalSection(SolutionProperties) = preSolution
		HideSolutionNode = FALSE
	EndGlobalSection
	GlobalSection(ExtensibilityGlobals) = postSolution
		SolutionGuid = {F6B1D900-3FCF-41CF-AF76-6EEB14B6C42C}
	EndGlobalSection
EndGlobal
