
Microsoft Visual Studio Solution File, Format Version 12.00
# Visual Studio Version 16
VisualStudioVersion = 16.0.31025.194
MinimumVisualStudioVersion = 10.0.40219.1
Project("{9A19103F-16F7-4668-BE54-9A1E7A4F7556}") = "delegate", "lesson19\delegate.csproj", "{7FEC2C49-8527-4162-8CC5-0414E3A5BEAE}"
EndProject
Global
	GlobalSection(SolutionConfigurationPlatforms) = preSolution
		Debug|Any CPU = Debug|Any CPU
		Release|Any CPU = Release|Any CPU
	EndGlobalSection
	GlobalSection(ProjectConfigurationPlatforms) = postSolution
		{7FEC2C49-8527-4162-8CC5-0414E3A5BEAE}.Debug|Any CPU.ActiveCfg = Debug|Any CPU
		{7FEC2C49-8527-4162-8CC5-0414E3A5BEAE}.Debug|Any CPU.Build.0 = Debug|Any CPU
		{7FEC2C49-8527-4162-8CC5-0414E3A5BEAE}.Release|Any CPU.ActiveCfg = Release|Any CPU
		{7FEC2C49-8527-4162-8CC5-0414E3A5BEAE}.Release|Any CPU.Build.0 = Release|Any CPU
	EndGlobalSection
	GlobalSection(SolutionProperties) = preSolution
		HideSolutionNode = FALSE
	EndGlobalSection
	GlobalSection(ExtensibilityGlobals) = postSolution
		SolutionGuid = {FC93AD90-EE12-4BBC-9356-5CFE260A60DB}
	EndGlobalSection
EndGlobal
