
Microsoft Visual Studio Solution File, Format Version 12.00
# Visual Studio Version 16
VisualStudioVersion = 16.0.30907.101
MinimumVisualStudioVersion = 10.0.40219.1
Project("{FAE04EC0-301F-11D3-BF4B-00C04F79EFBC}") = "ConsoleApp25", "ConsoleApp25\ConsoleApp25.csproj", "{6495046C-2F68-4B25-922C-A68BC3BB0AA9}"
EndProject
Global
	GlobalSection(SolutionConfigurationPlatforms) = preSolution
		Debug|Any CPU = Debug|Any CPU
		Release|Any CPU = Release|Any CPU
	EndGlobalSection
	GlobalSection(ProjectConfigurationPlatforms) = postSolution
		{6495046C-2F68-4B25-922C-A68BC3BB0AA9}.Debug|Any CPU.ActiveCfg = Debug|Any CPU
		{6495046C-2F68-4B25-922C-A68BC3BB0AA9}.Debug|Any CPU.Build.0 = Debug|Any CPU
		{6495046C-2F68-4B25-922C-A68BC3BB0AA9}.Release|Any CPU.ActiveCfg = Release|Any CPU
		{6495046C-2F68-4B25-922C-A68BC3BB0AA9}.Release|Any CPU.Build.0 = Release|Any CPU
	EndGlobalSection
	GlobalSection(SolutionProperties) = preSolution
		HideSolutionNode = FALSE
	EndGlobalSection
	GlobalSection(ExtensibilityGlobals) = postSolution
		SolutionGuid = {3218B7D3-B220-4E5C-AB23-A963A245BA7F}
	EndGlobalSection
EndGlobal
