
Microsoft Visual Studio Solution File, Format Version 12.00
# Visual Studio Version 16
VisualStudioVersion = 16.0.31025.194
MinimumVisualStudioVersion = 10.0.40219.1
Project("{FAE04EC0-301F-11D3-BF4B-00C04F79EFBC}") = "arrayList", "ArrayList\arrayList.csproj", "{195DF7D4-740B-415F-A5A1-87B88CF60B7E}"
EndProject
Global
	GlobalSection(SolutionConfigurationPlatforms) = preSolution
		Debug|Any CPU = Debug|Any CPU
		Release|Any CPU = Release|Any CPU
	EndGlobalSection
	GlobalSection(ProjectConfigurationPlatforms) = postSolution
		{195DF7D4-740B-415F-A5A1-87B88CF60B7E}.Debug|Any CPU.ActiveCfg = Debug|Any CPU
		{195DF7D4-740B-415F-A5A1-87B88CF60B7E}.Debug|Any CPU.Build.0 = Debug|Any CPU
		{195DF7D4-740B-415F-A5A1-87B88CF60B7E}.Release|Any CPU.ActiveCfg = Release|Any CPU
		{195DF7D4-740B-415F-A5A1-87B88CF60B7E}.Release|Any CPU.Build.0 = Release|Any CPU
	EndGlobalSection
	GlobalSection(SolutionProperties) = preSolution
		HideSolutionNode = FALSE
	EndGlobalSection
	GlobalSection(ExtensibilityGlobals) = postSolution
		SolutionGuid = {B0A93729-EEB2-4578-8151-6F49E0A613BB}
	EndGlobalSection
EndGlobal
