
Microsoft Visual Studio Solution File, Format Version 12.00
# Visual Studio Version 17
VisualStudioVersion = 17.2.32630.192
MinimumVisualStudioVersion = 10.0.40219.1
Project("{FAE04EC0-301F-11D3-BF4B-00C04F79EFBC}") = "AsyncWaitClass", "AsyncWaitClass\AsyncWaitClass.csproj", "{D44641F9-1699-4A6A-902F-6A1AB78D15FF}"
EndProject
Global
	GlobalSection(SolutionConfigurationPlatforms) = preSolution
		Debug|Any CPU = Debug|Any CPU
		Release|Any CPU = Release|Any CPU
	EndGlobalSection
	GlobalSection(ProjectConfigurationPlatforms) = postSolution
		{D44641F9-1699-4A6A-902F-6A1AB78D15FF}.Debug|Any CPU.ActiveCfg = Debug|Any CPU
		{D44641F9-1699-4A6A-902F-6A1AB78D15FF}.Debug|Any CPU.Build.0 = Debug|Any CPU
		{D44641F9-1699-4A6A-902F-6A1AB78D15FF}.Release|Any CPU.ActiveCfg = Release|Any CPU
		{D44641F9-1699-4A6A-902F-6A1AB78D15FF}.Release|Any CPU.Build.0 = Release|Any CPU
	EndGlobalSection
	GlobalSection(SolutionProperties) = preSolution
		HideSolutionNode = FALSE
	EndGlobalSection
	GlobalSection(ExtensibilityGlobals) = postSolution
		SolutionGuid = {55CA7022-3F05-4DB7-B021-0ED0A7CA549B}
	EndGlobalSection
EndGlobal
