
Microsoft Visual Studio Solution File, Format Version 12.00
# Visual Studio Version 16
VisualStudioVersion = 16.0.30907.101
MinimumVisualStudioVersion = 10.0.40219.1
Project("{FAE04EC0-301F-11D3-BF4B-00C04F79EFBC}") = "ConsoleApp14", "ConsoleApp14\ConsoleApp14.csproj", "{A846551E-610C-44D6-AF53-CF44A0AFD788}"
EndProject
Global
	GlobalSection(SolutionConfigurationPlatforms) = preSolution
		Debug|Any CPU = Debug|Any CPU
		Release|Any CPU = Release|Any CPU
	EndGlobalSection
	GlobalSection(ProjectConfigurationPlatforms) = postSolution
		{A846551E-610C-44D6-AF53-CF44A0AFD788}.Debug|Any CPU.ActiveCfg = Debug|Any CPU
		{A846551E-610C-44D6-AF53-CF44A0AFD788}.Debug|Any CPU.Build.0 = Debug|Any CPU
		{A846551E-610C-44D6-AF53-CF44A0AFD788}.Release|Any CPU.ActiveCfg = Release|Any CPU
		{A846551E-610C-44D6-AF53-CF44A0AFD788}.Release|Any CPU.Build.0 = Release|Any CPU
	EndGlobalSection
	GlobalSection(SolutionProperties) = preSolution
		HideSolutionNode = FALSE
	EndGlobalSection
	GlobalSection(ExtensibilityGlobals) = postSolution
		SolutionGuid = {F0651453-63DD-4824-8A8B-FBD0FE33C2C1}
	EndGlobalSection
EndGlobal
