
Microsoft Visual Studio Solution File, Format Version 12.00
# Visual Studio Version 17
VisualStudioVersion = 17.2.32630.192
MinimumVisualStudioVersion = 10.0.40219.1
Project("{FAE04EC0-301F-11D3-BF4B-00C04F79EFBC}") = "Fitness.BL", "Fitness.BL\Fitness.BL.csproj", "{DE96C36F-0E9A-4AE2-BA41-665F78E04E2B}"
EndProject
Project("{FAE04EC0-301F-11D3-BF4B-00C04F79EFBC}") = "Fitness.CMD", "Fitness.CMD\Fitness.CMD.csproj", "{3DE69805-2E6C-4F2B-B04D-D7F52F38DAC3}"
EndProject
Global
	GlobalSection(SolutionConfigurationPlatforms) = preSolution
		Debug|Any CPU = Debug|Any CPU
		Release|Any CPU = Release|Any CPU
	EndGlobalSection
	GlobalSection(ProjectConfigurationPlatforms) = postSolution
		{DE96C36F-0E9A-4AE2-BA41-665F78E04E2B}.Debug|Any CPU.ActiveCfg = Debug|Any CPU
		{DE96C36F-0E9A-4AE2-BA41-665F78E04E2B}.Debug|Any CPU.Build.0 = Debug|Any CPU
		{DE96C36F-0E9A-4AE2-BA41-665F78E04E2B}.Release|Any CPU.ActiveCfg = Release|Any CPU
		{DE96C36F-0E9A-4AE2-BA41-665F78E04E2B}.Release|Any CPU.Build.0 = Release|Any CPU
		{3DE69805-2E6C-4F2B-B04D-D7F52F38DAC3}.Debug|Any CPU.ActiveCfg = Debug|Any CPU
		{3DE69805-2E6C-4F2B-B04D-D7F52F38DAC3}.Debug|Any CPU.Build.0 = Debug|Any CPU
		{3DE69805-2E6C-4F2B-B04D-D7F52F38DAC3}.Release|Any CPU.ActiveCfg = Release|Any CPU
		{3DE69805-2E6C-4F2B-B04D-D7F52F38DAC3}.Release|Any CPU.Build.0 = Release|Any CPU
	EndGlobalSection
	GlobalSection(SolutionProperties) = preSolution
		HideSolutionNode = FALSE
	EndGlobalSection
	GlobalSection(ExtensibilityGlobals) = postSolution
		SolutionGuid = {E7FC5A71-CA39-487D-9D31-28AE18E8F7B8}
	EndGlobalSection
EndGlobal
