
Microsoft Visual Studio Solution File, Format Version 12.00
# Visual Studio Version 17
VisualStudioVersion = 17.2.32630.192
MinimumVisualStudioVersion = 10.0.40219.1
Project("{FAE04EC0-301F-11D3-BF4B-00C04F79EFBC}") = "Adder", "Adder\Adder.csproj", "{074F0946-663E-42E3-AFD7-57CC32E1193A}"
EndProject
Global
	GlobalSection(SolutionConfigurationPlatforms) = preSolution
		Debug|Any CPU = Debug|Any CPU
		Release|Any CPU = Release|Any CPU
	EndGlobalSection
	GlobalSection(ProjectConfigurationPlatforms) = postSolution
		{074F0946-663E-42E3-AFD7-57CC32E1193A}.Debug|Any CPU.ActiveCfg = Debug|Any CPU
		{074F0946-663E-42E3-AFD7-57CC32E1193A}.Debug|Any CPU.Build.0 = Debug|Any CPU
		{074F0946-663E-42E3-AFD7-57CC32E1193A}.Release|Any CPU.ActiveCfg = Release|Any CPU
		{074F0946-663E-42E3-AFD7-57CC32E1193A}.Release|Any CPU.Build.0 = Release|Any CPU
	EndGlobalSection
	GlobalSection(SolutionProperties) = preSolution
		HideSolutionNode = FALSE
	EndGlobalSection
	GlobalSection(ExtensibilityGlobals) = postSolution
		SolutionGuid = {999C814F-1518-4E2F-8905-B61B7AC671DD}
	EndGlobalSection
EndGlobal
