
Microsoft Visual Studio Solution File, Format Version 12.00
# Visual Studio Version 17
VisualStudioVersion = 17.2.32630.192
MinimumVisualStudioVersion = 10.0.40219.1
Project("{FAE04EC0-301F-11D3-BF4B-00C04F79EFBC}") = "UsingAppDomians", "UsingAppDomians\UsingAppDomians.csproj", "{7B57DD43-6B02-465E-9F3D-28F663B8BFA3}"
EndProject
Project("{FAE04EC0-301F-11D3-BF4B-00C04F79EFBC}") = "TextWindow", "TextWindow\TextWindow.csproj", "{71E030DD-DBBC-467B-B7D3-CDCC749716EF}"
EndProject
Project("{FAE04EC0-301F-11D3-BF4B-00C04F79EFBC}") = "TextDrawer", "TextDrawer\TextDrawer.csproj", "{6BBE8038-558C-4DB5-9C3F-B956BDB24E45}"
EndProject
Global
	GlobalSection(SolutionConfigurationPlatforms) = preSolution
		Debug|Any CPU = Debug|Any CPU
		Release|Any CPU = Release|Any CPU
	EndGlobalSection
	GlobalSection(ProjectConfigurationPlatforms) = postSolution
		{7B57DD43-6B02-465E-9F3D-28F663B8BFA3}.Debug|Any CPU.ActiveCfg = Debug|Any CPU
		{7B57DD43-6B02-465E-9F3D-28F663B8BFA3}.Debug|Any CPU.Build.0 = Debug|Any CPU
		{7B57DD43-6B02-465E-9F3D-28F663B8BFA3}.Release|Any CPU.ActiveCfg = Release|Any CPU
		{7B57DD43-6B02-465E-9F3D-28F663B8BFA3}.Release|Any CPU.Build.0 = Release|Any CPU
		{71E030DD-DBBC-467B-B7D3-CDCC749716EF}.Debug|Any CPU.ActiveCfg = Debug|Any CPU
		{71E030DD-DBBC-467B-B7D3-CDCC749716EF}.Debug|Any CPU.Build.0 = Debug|Any CPU
		{71E030DD-DBBC-467B-B7D3-CDCC749716EF}.Release|Any CPU.ActiveCfg = Release|Any CPU
		{71E030DD-DBBC-467B-B7D3-CDCC749716EF}.Release|Any CPU.Build.0 = Release|Any CPU
		{6BBE8038-558C-4DB5-9C3F-B956BDB24E45}.Debug|Any CPU.ActiveCfg = Debug|Any CPU
		{6BBE8038-558C-4DB5-9C3F-B956BDB24E45}.Debug|Any CPU.Build.0 = Debug|Any CPU
		{6BBE8038-558C-4DB5-9C3F-B956BDB24E45}.Release|Any CPU.ActiveCfg = Release|Any CPU
		{6BBE8038-558C-4DB5-9C3F-B956BDB24E45}.Release|Any CPU.Build.0 = Release|Any CPU
	EndGlobalSection
	GlobalSection(SolutionProperties) = preSolution
		HideSolutionNode = FALSE
	EndGlobalSection
	GlobalSection(ExtensibilityGlobals) = postSolution
		SolutionGuid = {661BDC05-8F9B-441B-BB29-69C674C9B7E4}
	EndGlobalSection
EndGlobal
