
Microsoft Visual Studio Solution File, Format Version 12.00
# Visual Studio Version 16
VisualStudioVersion = 16.0.32510.428
MinimumVisualStudioVersion = 10.0.40219.1
Project("{FAE04EC0-301F-11D3-BF4B-00C04F79EFBC}") = "UsePredicate", "UsePredicate\UsePredicate.csproj", "{16F9CB82-611E-4209-9270-F041361D560D}"
EndProject
Global
	GlobalSection(SolutionConfigurationPlatforms) = preSolution
		Debug|Any CPU = Debug|Any CPU
		Release|Any CPU = Release|Any CPU
	EndGlobalSection
	GlobalSection(ProjectConfigurationPlatforms) = postSolution
		{16F9CB82-611E-4209-9270-F041361D560D}.Debug|Any CPU.ActiveCfg = Debug|Any CPU
		{16F9CB82-611E-4209-9270-F041361D560D}.Debug|Any CPU.Build.0 = Debug|Any CPU
		{16F9CB82-611E-4209-9270-F041361D560D}.Release|Any CPU.ActiveCfg = Release|Any CPU
		{16F9CB82-611E-4209-9270-F041361D560D}.Release|Any CPU.Build.0 = Release|Any CPU
	EndGlobalSection
	GlobalSection(SolutionProperties) = preSolution
		HideSolutionNode = FALSE
	EndGlobalSection
	GlobalSection(ExtensibilityGlobals) = postSolution
		SolutionGuid = {3826C7F1-25C4-488F-A97C-1C08931CF95C}
	EndGlobalSection
EndGlobal
