
Microsoft Visual Studio Solution File, Format Version 12.00
# Visual Studio Version 17
VisualStudioVersion = 17.2.32630.192
MinimumVisualStudioVersion = 10.0.40219.1
Project("{FAE04EC0-301F-11D3-BF4B-00C04F79EFBC}") = "DoubleLinkedList", "DoubleLinkedList\DoubleLinkedList.csproj", "{FDAF1E1B-6E9C-43D7-83CA-8E979CC08ED0}"
EndProject
Global
	GlobalSection(SolutionConfigurationPlatforms) = preSolution
		Debug|Any CPU = Debug|Any CPU
		Release|Any CPU = Release|Any CPU
	EndGlobalSection
	GlobalSection(ProjectConfigurationPlatforms) = postSolution
		{FDAF1E1B-6E9C-43D7-83CA-8E979CC08ED0}.Debug|Any CPU.ActiveCfg = Debug|Any CPU
		{FDAF1E1B-6E9C-43D7-83CA-8E979CC08ED0}.Debug|Any CPU.Build.0 = Debug|Any CPU
		{FDAF1E1B-6E9C-43D7-83CA-8E979CC08ED0}.Release|Any CPU.ActiveCfg = Release|Any CPU
		{FDAF1E1B-6E9C-43D7-83CA-8E979CC08ED0}.Release|Any CPU.Build.0 = Release|Any CPU
	EndGlobalSection
	GlobalSection(SolutionProperties) = preSolution
		HideSolutionNode = FALSE
	EndGlobalSection
	GlobalSection(ExtensibilityGlobals) = postSolution
		SolutionGuid = {9C2B3EB6-7B19-44C3-B77D-635109A64AA2}
	EndGlobalSection
EndGlobal
