
Microsoft Visual Studio Solution File, Format Version 12.00
# Visual Studio Version 16
VisualStudioVersion = 16.0.31025.194
MinimumVisualStudioVersion = 10.0.40219.1
Project("{FAE04EC0-301F-11D3-BF4B-00C04F79EFBC}") = "patern switch", "patern switch\patern switch.csproj", "{B9FC7E9A-4DE7-4396-8CAC-BEACDF2CEEE2}"
EndProject
Global
	GlobalSection(SolutionConfigurationPlatforms) = preSolution
		Debug|Any CPU = Debug|Any CPU
		Release|Any CPU = Release|Any CPU
	EndGlobalSection
	GlobalSection(ProjectConfigurationPlatforms) = postSolution
		{B9FC7E9A-4DE7-4396-8CAC-BEACDF2CEEE2}.Debug|Any CPU.ActiveCfg = Debug|Any CPU
		{B9FC7E9A-4DE7-4396-8CAC-BEACDF2CEEE2}.Debug|Any CPU.Build.0 = Debug|Any CPU
		{B9FC7E9A-4DE7-4396-8CAC-BEACDF2CEEE2}.Release|Any CPU.ActiveCfg = Release|Any CPU
		{B9FC7E9A-4DE7-4396-8CAC-BEACDF2CEEE2}.Release|Any CPU.Build.0 = Release|Any CPU
	EndGlobalSection
	GlobalSection(SolutionProperties) = preSolution
		HideSolutionNode = FALSE
	EndGlobalSection
	GlobalSection(ExtensibilityGlobals) = postSolution
		SolutionGuid = {7474BFDB-42B1-422A-93AD-90E3C0280CCE}
	EndGlobalSection
EndGlobal
