
Microsoft Visual Studio Solution File, Format Version 12.00
# Visual Studio Version 16
VisualStudioVersion = 16.0.32510.428
MinimumVisualStudioVersion = 10.0.40219.1
Project("{FAE04EC0-301F-11D3-BF4B-00C04F79EFBC}") = "CalculationWords", "CalculationWords\CalculationWords.csproj", "{6CB7DE4B-3C8F-49D1-B893-510A9F381488}"
EndProject
Global
	GlobalSection(SolutionConfigurationPlatforms) = preSolution
		Debug|Any CPU = Debug|Any CPU
		Release|Any CPU = Release|Any CPU
	EndGlobalSection
	GlobalSection(ProjectConfigurationPlatforms) = postSolution
		{6CB7DE4B-3C8F-49D1-B893-510A9F381488}.Debug|Any CPU.ActiveCfg = Debug|Any CPU
		{6CB7DE4B-3C8F-49D1-B893-510A9F381488}.Debug|Any CPU.Build.0 = Debug|Any CPU
		{6CB7DE4B-3C8F-49D1-B893-510A9F381488}.Release|Any CPU.ActiveCfg = Release|Any CPU
		{6CB7DE4B-3C8F-49D1-B893-510A9F381488}.Release|Any CPU.Build.0 = Release|Any CPU
	EndGlobalSection
	GlobalSection(SolutionProperties) = preSolution
		HideSolutionNode = FALSE
	EndGlobalSection
	GlobalSection(ExtensibilityGlobals) = postSolution
		SolutionGuid = {A94D4D58-F780-4C9E-964D-016B0211C666}
	EndGlobalSection
EndGlobal
