
Microsoft Visual Studio Solution File, Format Version 12.00
# Visual Studio Version 16
VisualStudioVersion = 16.0.32126.315
MinimumVisualStudioVersion = 10.0.40219.1
Project("{FAE04EC0-301F-11D3-BF4B-00C04F79EFBC}") = "DotNetDesignPatternDemos.Solid", "DotNetDesignPatternDemos.Solid\DotNetDesignPatternDemos.Solid.csproj", "{95E02ACB-BD91-434C-8BA2-821B9F4E1A06}"
EndProject
Global
	GlobalSection(SolutionConfigurationPlatforms) = preSolution
		Debug|Any CPU = Debug|Any CPU
		Release|Any CPU = Release|Any CPU
	EndGlobalSection
	GlobalSection(ProjectConfigurationPlatforms) = postSolution
		{95E02ACB-BD91-434C-8BA2-821B9F4E1A06}.Debug|Any CPU.ActiveCfg = Debug|Any CPU
		{95E02ACB-BD91-434C-8BA2-821B9F4E1A06}.Debug|Any CPU.Build.0 = Debug|Any CPU
		{95E02ACB-BD91-434C-8BA2-821B9F4E1A06}.Release|Any CPU.ActiveCfg = Release|Any CPU
		{95E02ACB-BD91-434C-8BA2-821B9F4E1A06}.Release|Any CPU.Build.0 = Release|Any CPU
	EndGlobalSection
	GlobalSection(SolutionProperties) = preSolution
		HideSolutionNode = FALSE
	EndGlobalSection
	GlobalSection(ExtensibilityGlobals) = postSolution
		SolutionGuid = {EA53C8B2-056E-4F49-87A9-71D4B2953407}
	EndGlobalSection
EndGlobal
