
Microsoft Visual Studio Solution File, Format Version 12.00
# Visual Studio Version 16
VisualStudioVersion = 16.0.31025.194
MinimumVisualStudioVersion = 10.0.40219.1
Project("{FAE04EC0-301F-11D3-BF4B-00C04F79EFBC}") = "Lyambda", "Lyambda\Lyambda.csproj", "{C6B816E7-893A-41FA-A55E-CDB1C4B10B09}"
EndProject
Global
	GlobalSection(SolutionConfigurationPlatforms) = preSolution
		Debug|Any CPU = Debug|Any CPU
		Release|Any CPU = Release|Any CPU
	EndGlobalSection
	GlobalSection(ProjectConfigurationPlatforms) = postSolution
		{C6B816E7-893A-41FA-A55E-CDB1C4B10B09}.Debug|Any CPU.ActiveCfg = Debug|Any CPU
		{C6B816E7-893A-41FA-A55E-CDB1C4B10B09}.Debug|Any CPU.Build.0 = Debug|Any CPU
		{C6B816E7-893A-41FA-A55E-CDB1C4B10B09}.Release|Any CPU.ActiveCfg = Release|Any CPU
		{C6B816E7-893A-41FA-A55E-CDB1C4B10B09}.Release|Any CPU.Build.0 = Release|Any CPU
	EndGlobalSection
	GlobalSection(SolutionProperties) = preSolution
		HideSolutionNode = FALSE
	EndGlobalSection
	GlobalSection(ExtensibilityGlobals) = postSolution
		SolutionGuid = {A74DB3FF-FA70-4B52-BF8C-090EA765252E}
	EndGlobalSection
EndGlobal
