
Microsoft Visual Studio Solution File, Format Version 12.00
# Visual Studio Version 17
VisualStudioVersion = 17.2.32630.192
MinimumVisualStudioVersion = 10.0.40219.1
Project("{FAE04EC0-301F-11D3-BF4B-00C04F79EFBC}") = "UsingSemaphore", "UsingSemaphore\UsingSemaphore.csproj", "{DB498270-1848-40D6-915B-D24B4F47B373}"
EndProject
Global
	GlobalSection(SolutionConfigurationPlatforms) = preSolution
		Debug|Any CPU = Debug|Any CPU
		Release|Any CPU = Release|Any CPU
	EndGlobalSection
	GlobalSection(ProjectConfigurationPlatforms) = postSolution
		{DB498270-1848-40D6-915B-D24B4F47B373}.Debug|Any CPU.ActiveCfg = Debug|Any CPU
		{DB498270-1848-40D6-915B-D24B4F47B373}.Debug|Any CPU.Build.0 = Debug|Any CPU
		{DB498270-1848-40D6-915B-D24B4F47B373}.Release|Any CPU.ActiveCfg = Release|Any CPU
		{DB498270-1848-40D6-915B-D24B4F47B373}.Release|Any CPU.Build.0 = Release|Any CPU
	EndGlobalSection
	GlobalSection(SolutionProperties) = preSolution
		HideSolutionNode = FALSE
	EndGlobalSection
	GlobalSection(ExtensibilityGlobals) = postSolution
		SolutionGuid = {40F40CF7-7717-420E-9F17-791C07D1BDD7}
	EndGlobalSection
EndGlobal
