
Microsoft Visual Studio Solution File, Format Version 12.00
# Visual Studio Version 17
VisualStudioVersion = 17.2.32630.192
MinimumVisualStudioVersion = 10.0.40219.1
Project("{FAE04EC0-301F-11D3-BF4B-00C04F79EFBC}") = "Nothing", "Nothing\Nothing.csproj", "{55B6EC0E-7612-4476-9DF3-1CBA3B376BF4}"
EndProject
Global
	GlobalSection(SolutionConfigurationPlatforms) = preSolution
		Debug|Any CPU = Debug|Any CPU
		Release|Any CPU = Release|Any CPU
	EndGlobalSection
	GlobalSection(ProjectConfigurationPlatforms) = postSolution
		{55B6EC0E-7612-4476-9DF3-1CBA3B376BF4}.Debug|Any CPU.ActiveCfg = Debug|Any CPU
		{55B6EC0E-7612-4476-9DF3-1CBA3B376BF4}.Debug|Any CPU.Build.0 = Debug|Any CPU
		{55B6EC0E-7612-4476-9DF3-1CBA3B376BF4}.Release|Any CPU.ActiveCfg = Release|Any CPU
		{55B6EC0E-7612-4476-9DF3-1CBA3B376BF4}.Release|Any CPU.Build.0 = Release|Any CPU
	EndGlobalSection
	GlobalSection(SolutionProperties) = preSolution
		HideSolutionNode = FALSE
	EndGlobalSection
	GlobalSection(ExtensibilityGlobals) = postSolution
		SolutionGuid = {4AD8CA3F-3BEB-4FAD-BC76-1801E8EC7B9B}
	EndGlobalSection
EndGlobal
