
Microsoft Visual Studio Solution File, Format Version 12.00
# Visual Studio Version 17
VisualStudioVersion = 17.2.32630.192
MinimumVisualStudioVersion = 10.0.40219.1
Project("{FAE04EC0-301F-11D3-BF4B-00C04F79EFBC}") = "Graph", "Graph\Graph.csproj", "{78478B23-CE8E-41DC-83A5-1B6C2262637B}"
EndProject
Global
	GlobalSection(SolutionConfigurationPlatforms) = preSolution
		Debug|Any CPU = Debug|Any CPU
		Release|Any CPU = Release|Any CPU
	EndGlobalSection
	GlobalSection(ProjectConfigurationPlatforms) = postSolution
		{78478B23-CE8E-41DC-83A5-1B6C2262637B}.Debug|Any CPU.ActiveCfg = Debug|Any CPU
		{78478B23-CE8E-41DC-83A5-1B6C2262637B}.Debug|Any CPU.Build.0 = Debug|Any CPU
		{78478B23-CE8E-41DC-83A5-1B6C2262637B}.Release|Any CPU.ActiveCfg = Release|Any CPU
		{78478B23-CE8E-41DC-83A5-1B6C2262637B}.Release|Any CPU.Build.0 = Release|Any CPU
	EndGlobalSection
	GlobalSection(SolutionProperties) = preSolution
		HideSolutionNode = FALSE
	EndGlobalSection
	GlobalSection(ExtensibilityGlobals) = postSolution
		SolutionGuid = {27830FF0-C42E-43A9-B137-A4408DF18DD9}
	EndGlobalSection
EndGlobal
