
Microsoft Visual Studio Solution File, Format Version 12.00
# Visual Studio Version 16
VisualStudioVersion = 16.0.30907.101
MinimumVisualStudioVersion = 10.0.40219.1
Project("{FAE04EC0-301F-11D3-BF4B-00C04F79EFBC}") = "ConsoleApp19", "ConsoleApp19\ConsoleApp19.csproj", "{2E5F4FBE-39FE-4FE0-AA8A-BCB4CA031D55}"
EndProject
Global
	GlobalSection(SolutionConfigurationPlatforms) = preSolution
		Debug|Any CPU = Debug|Any CPU
		Release|Any CPU = Release|Any CPU
	EndGlobalSection
	GlobalSection(ProjectConfigurationPlatforms) = postSolution
		{2E5F4FBE-39FE-4FE0-AA8A-BCB4CA031D55}.Debug|Any CPU.ActiveCfg = Debug|Any CPU
		{2E5F4FBE-39FE-4FE0-AA8A-BCB4CA031D55}.Debug|Any CPU.Build.0 = Debug|Any CPU
		{2E5F4FBE-39FE-4FE0-AA8A-BCB4CA031D55}.Release|Any CPU.ActiveCfg = Release|Any CPU
		{2E5F4FBE-39FE-4FE0-AA8A-BCB4CA031D55}.Release|Any CPU.Build.0 = Release|Any CPU
	EndGlobalSection
	GlobalSection(SolutionProperties) = preSolution
		HideSolutionNode = FALSE
	EndGlobalSection
	GlobalSection(ExtensibilityGlobals) = postSolution
		SolutionGuid = {6B0BF985-88ED-44AF-8A61-2B6D49691B4B}
	EndGlobalSection
EndGlobal
