
Microsoft Visual Studio Solution File, Format Version 12.00
# Visual Studio Version 16
VisualStudioVersion = 16.0.31205.134
MinimumVisualStudioVersion = 10.0.40219.1
Project("{FAE04EC0-301F-11D3-BF4B-00C04F79EFBC}") = "ConsoleApp68", "ConsoleApp68\ConsoleApp68.csproj", "{224D3B15-7718-4F82-A624-E3308C491787}"
EndProject
Global
	GlobalSection(SolutionConfigurationPlatforms) = preSolution
		Debug|Any CPU = Debug|Any CPU
		Release|Any CPU = Release|Any CPU
	EndGlobalSection
	GlobalSection(ProjectConfigurationPlatforms) = postSolution
		{224D3B15-7718-4F82-A624-E3308C491787}.Debug|Any CPU.ActiveCfg = Debug|Any CPU
		{224D3B15-7718-4F82-A624-E3308C491787}.Debug|Any CPU.Build.0 = Debug|Any CPU
		{224D3B15-7718-4F82-A624-E3308C491787}.Release|Any CPU.ActiveCfg = Release|Any CPU
		{224D3B15-7718-4F82-A624-E3308C491787}.Release|Any CPU.Build.0 = Release|Any CPU
	EndGlobalSection
	GlobalSection(SolutionProperties) = preSolution
		HideSolutionNode = FALSE
	EndGlobalSection
	GlobalSection(ExtensibilityGlobals) = postSolution
		SolutionGuid = {4D457C4C-E2F9-4851-8C6E-CF9829899477}
	EndGlobalSection
EndGlobal
