
Microsoft Visual Studio Solution File, Format Version 12.00
# Visual Studio Version 16
VisualStudioVersion = 16.0.31025.194
MinimumVisualStudioVersion = 10.0.40219.1
Project("{FAE04EC0-301F-11D3-BF4B-00C04F79EFBC}") = "Lesson30", "Lesson30\Lesson30.csproj", "{2820616F-C6CA-4755-8070-BF2781B77337}"
EndProject
Global
	GlobalSection(SolutionConfigurationPlatforms) = preSolution
		Debug|Any CPU = Debug|Any CPU
		Release|Any CPU = Release|Any CPU
	EndGlobalSection
	GlobalSection(ProjectConfigurationPlatforms) = postSolution
		{2820616F-C6CA-4755-8070-BF2781B77337}.Debug|Any CPU.ActiveCfg = Debug|Any CPU
		{2820616F-C6CA-4755-8070-BF2781B77337}.Debug|Any CPU.Build.0 = Debug|Any CPU
		{2820616F-C6CA-4755-8070-BF2781B77337}.Release|Any CPU.ActiveCfg = Release|Any CPU
		{2820616F-C6CA-4755-8070-BF2781B77337}.Release|Any CPU.Build.0 = Release|Any CPU
	EndGlobalSection
	GlobalSection(SolutionProperties) = preSolution
		HideSolutionNode = FALSE
	EndGlobalSection
	GlobalSection(ExtensibilityGlobals) = postSolution
		SolutionGuid = {856C59A9-8D45-4786-A746-15F36031CAC8}
	EndGlobalSection
EndGlobal
