
Microsoft Visual Studio Solution File, Format Version 12.00
# Visual Studio Version 16
VisualStudioVersion = 16.0.31025.194
MinimumVisualStudioVersion = 10.0.40219.1
Project("{FAE04EC0-301F-11D3-BF4B-00C04F79EFBC}") = "BankApplication", "BankApplication\BankApplication.csproj", "{6E78B112-068C-442E-93E8-2BCF35623F3C}"
EndProject
Project("{FAE04EC0-301F-11D3-BF4B-00C04F79EFBC}") = "BankLibrary", "BankLibrary\BankLibrary.csproj", "{80386314-CD69-47BF-A34F-7DB7BD866E6B}"
EndProject
Global
	GlobalSection(SolutionConfigurationPlatforms) = preSolution
		Debug|Any CPU = Debug|Any CPU
		Release|Any CPU = Release|Any CPU
	EndGlobalSection
	GlobalSection(ProjectConfigurationPlatforms) = postSolution
		{6E78B112-068C-442E-93E8-2BCF35623F3C}.Debug|Any CPU.ActiveCfg = Debug|Any CPU
		{6E78B112-068C-442E-93E8-2BCF35623F3C}.Debug|Any CPU.Build.0 = Debug|Any CPU
		{6E78B112-068C-442E-93E8-2BCF35623F3C}.Release|Any CPU.ActiveCfg = Release|Any CPU
		{6E78B112-068C-442E-93E8-2BCF35623F3C}.Release|Any CPU.Build.0 = Release|Any CPU
		{80386314-CD69-47BF-A34F-7DB7BD866E6B}.Debug|Any CPU.ActiveCfg = Debug|Any CPU
		{80386314-CD69-47BF-A34F-7DB7BD866E6B}.Debug|Any CPU.Build.0 = Debug|Any CPU
		{80386314-CD69-47BF-A34F-7DB7BD866E6B}.Release|Any CPU.ActiveCfg = Release|Any CPU
		{80386314-CD69-47BF-A34F-7DB7BD866E6B}.Release|Any CPU.Build.0 = Release|Any CPU
	EndGlobalSection
	GlobalSection(SolutionProperties) = preSolution
		HideSolutionNode = FALSE
	EndGlobalSection
	GlobalSection(ExtensibilityGlobals) = postSolution
		SolutionGuid = {A32B58D0-548D-4ACB-9DC2-01D61B6CA68E}
	EndGlobalSection
EndGlobal
