
Microsoft Visual Studio Solution File, Format Version 12.00
# Visual Studio Version 17
VisualStudioVersion = 17.2.32630.192
MinimumVisualStudioVersion = 10.0.40219.1
Project("{FAE04EC0-301F-11D3-BF4B-00C04F79EFBC}") = "Tamagotchi", "Tamagotchi\Tamagotchi.csproj", "{1FBF84F0-190C-4CBA-A6E3-56F8E60636E2}"
EndProject
Global
	GlobalSection(SolutionConfigurationPlatforms) = preSolution
		Debug|Any CPU = Debug|Any CPU
		Release|Any CPU = Release|Any CPU
	EndGlobalSection
	GlobalSection(ProjectConfigurationPlatforms) = postSolution
		{1FBF84F0-190C-4CBA-A6E3-56F8E60636E2}.Debug|Any CPU.ActiveCfg = Debug|Any CPU
		{1FBF84F0-190C-4CBA-A6E3-56F8E60636E2}.Debug|Any CPU.Build.0 = Debug|Any CPU
		{1FBF84F0-190C-4CBA-A6E3-56F8E60636E2}.Release|Any CPU.ActiveCfg = Release|Any CPU
		{1FBF84F0-190C-4CBA-A6E3-56F8E60636E2}.Release|Any CPU.Build.0 = Release|Any CPU
	EndGlobalSection
	GlobalSection(SolutionProperties) = preSolution
		HideSolutionNode = FALSE
	EndGlobalSection
	GlobalSection(ExtensibilityGlobals) = postSolution
		SolutionGuid = {73338037-21A2-4362-B349-9E242D763B2A}
	EndGlobalSection
EndGlobal
