
Microsoft Visual Studio Solution File, Format Version 12.00
# Visual Studio Version 17
VisualStudioVersion = 17.2.32630.192
MinimumVisualStudioVersion = 10.0.40219.1
Project("{FAE04EC0-301F-11D3-BF4B-00C04F79EFBC}") = "OwnAsyncClass", "OwnAsyncClass\OwnAsyncClass.csproj", "{AA4F2A1A-43E4-4BE5-B794-84ED6ACEC4DD}"
EndProject
Global
	GlobalSection(SolutionConfigurationPlatforms) = preSolution
		Debug|Any CPU = Debug|Any CPU
		Release|Any CPU = Release|Any CPU
	EndGlobalSection
	GlobalSection(ProjectConfigurationPlatforms) = postSolution
		{AA4F2A1A-43E4-4BE5-B794-84ED6ACEC4DD}.Debug|Any CPU.ActiveCfg = Debug|Any CPU
		{AA4F2A1A-43E4-4BE5-B794-84ED6ACEC4DD}.Debug|Any CPU.Build.0 = Debug|Any CPU
		{AA4F2A1A-43E4-4BE5-B794-84ED6ACEC4DD}.Release|Any CPU.ActiveCfg = Release|Any CPU
		{AA4F2A1A-43E4-4BE5-B794-84ED6ACEC4DD}.Release|Any CPU.Build.0 = Release|Any CPU
	EndGlobalSection
	GlobalSection(SolutionProperties) = preSolution
		HideSolutionNode = FALSE
	EndGlobalSection
	GlobalSection(ExtensibilityGlobals) = postSolution
		SolutionGuid = {1B486872-FFA1-47D3-9D97-92F11CA18E05}
	EndGlobalSection
EndGlobal
