
Microsoft Visual Studio Solution File, Format Version 12.00
# Visual Studio Version 16
VisualStudioVersion = 16.0.31911.196
MinimumVisualStudioVersion = 10.0.40219.1
Project("{FAE04EC0-301F-11D3-BF4B-00C04F79EFBC}") = "Operator_Overloading", "Operator_Overloading\Operator_Overloading.csproj", "{D590D4C4-51CB-4117-B380-15D0CFE9100B}"
EndProject
Global
	GlobalSection(SolutionConfigurationPlatforms) = preSolution
		Debug|Any CPU = Debug|Any CPU
		Release|Any CPU = Release|Any CPU
	EndGlobalSection
	GlobalSection(ProjectConfigurationPlatforms) = postSolution
		{D590D4C4-51CB-4117-B380-15D0CFE9100B}.Debug|Any CPU.ActiveCfg = Debug|Any CPU
		{D590D4C4-51CB-4117-B380-15D0CFE9100B}.Debug|Any CPU.Build.0 = Debug|Any CPU
		{D590D4C4-51CB-4117-B380-15D0CFE9100B}.Release|Any CPU.ActiveCfg = Release|Any CPU
		{D590D4C4-51CB-4117-B380-15D0CFE9100B}.Release|Any CPU.Build.0 = Release|Any CPU
	EndGlobalSection
	GlobalSection(SolutionProperties) = preSolution
		HideSolutionNode = FALSE
	EndGlobalSection
	GlobalSection(ExtensibilityGlobals) = postSolution
		SolutionGuid = {8F9FD2A7-4236-4B26-8EDD-BEAD77E0A26A}
	EndGlobalSection
EndGlobal
