
Microsoft Visual Studio Solution File, Format Version 12.00
# Visual Studio Version 17
VisualStudioVersion = 17.2.32630.192
MinimumVisualStudioVersion = 10.0.40219.1
Project("{FAE04EC0-301F-11D3-BF4B-00C04F79EFBC}") = "UseDll", "UseDll\UseDll.csproj", "{97D877DE-8C34-40CD-8DE8-9FC82562B65D}"
EndProject
Global
	GlobalSection(SolutionConfigurationPlatforms) = preSolution
		Debug|Any CPU = Debug|Any CPU
		Release|Any CPU = Release|Any CPU
	EndGlobalSection
	GlobalSection(ProjectConfigurationPlatforms) = postSolution
		{97D877DE-8C34-40CD-8DE8-9FC82562B65D}.Debug|Any CPU.ActiveCfg = Debug|Any CPU
		{97D877DE-8C34-40CD-8DE8-9FC82562B65D}.Debug|Any CPU.Build.0 = Debug|Any CPU
		{97D877DE-8C34-40CD-8DE8-9FC82562B65D}.Release|Any CPU.ActiveCfg = Release|Any CPU
		{97D877DE-8C34-40CD-8DE8-9FC82562B65D}.Release|Any CPU.Build.0 = Release|Any CPU
	EndGlobalSection
	GlobalSection(SolutionProperties) = preSolution
		HideSolutionNode = FALSE
	EndGlobalSection
	GlobalSection(ExtensibilityGlobals) = postSolution
		SolutionGuid = {0B3D45BE-2DEA-4168-89A8-C9FE4D067E9D}
	EndGlobalSection
EndGlobal
