
Microsoft Visual Studio Solution File, Format Version 12.00
# Visual Studio Version 17
VisualStudioVersion = 17.2.32630.192
MinimumVisualStudioVersion = 10.0.40219.1
Project("{FAE04EC0-301F-11D3-BF4B-00C04F79EFBC}") = "SortAlgorithms", "SortAlgorithms\SortAlgorithms.csproj", "{FC574928-3368-4D81-BBE1-A22249BD1ADB}"
EndProject
Project("{FAE04EC0-301F-11D3-BF4B-00C04F79EFBC}") = "Algorithms", "Algorithms\Algorithms.csproj", "{B8E81818-B29E-43FB-BB3A-BACF2E47B131}"
EndProject
Project("{FAE04EC0-301F-11D3-BF4B-00C04F79EFBC}") = "AlgorithmsTests", "AlgorithmsTests\AlgorithmsTests.csproj", "{438C1965-0B2A-4E40-B478-9B5ED7534204}"
EndProject
Global
	GlobalSection(SolutionConfigurationPlatforms) = preSolution
		Debug|Any CPU = Debug|Any CPU
		Release|Any CPU = Release|Any CPU
	EndGlobalSection
	GlobalSection(ProjectConfigurationPlatforms) = postSolution
		{FC574928-3368-4D81-BBE1-A22249BD1ADB}.Debug|Any CPU.ActiveCfg = Debug|Any CPU
		{FC574928-3368-4D81-BBE1-A22249BD1ADB}.Debug|Any CPU.Build.0 = Debug|Any CPU
		{FC574928-3368-4D81-BBE1-A22249BD1ADB}.Release|Any CPU.ActiveCfg = Release|Any CPU
		{FC574928-3368-4D81-BBE1-A22249BD1ADB}.Release|Any CPU.Build.0 = Release|Any CPU
		{B8E81818-B29E-43FB-BB3A-BACF2E47B131}.Debug|Any CPU.ActiveCfg = Debug|Any CPU
		{B8E81818-B29E-43FB-BB3A-BACF2E47B131}.Debug|Any CPU.Build.0 = Debug|Any CPU
		{B8E81818-B29E-43FB-BB3A-BACF2E47B131}.Release|Any CPU.ActiveCfg = Release|Any CPU
		{B8E81818-B29E-43FB-BB3A-BACF2E47B131}.Release|Any CPU.Build.0 = Release|Any CPU
		{438C1965-0B2A-4E40-B478-9B5ED7534204}.Debug|Any CPU.ActiveCfg = Debug|Any CPU
		{438C1965-0B2A-4E40-B478-9B5ED7534204}.Debug|Any CPU.Build.0 = Debug|Any CPU
		{438C1965-0B2A-4E40-B478-9B5ED7534204}.Release|Any CPU.ActiveCfg = Release|Any CPU
		{438C1965-0B2A-4E40-B478-9B5ED7534204}.Release|Any CPU.Build.0 = Release|Any CPU
	EndGlobalSection
	GlobalSection(SolutionProperties) = preSolution
		HideSolutionNode = FALSE
	EndGlobalSection
	GlobalSection(ExtensibilityGlobals) = postSolution
		SolutionGuid = {74E00719-2AD8-445E-B20C-499D97B91D5A}
	EndGlobalSection
EndGlobal
