
Microsoft Visual Studio Solution File, Format Version 12.00
# Visual Studio Version 17
VisualStudioVersion = 17.2.32630.192
MinimumVisualStudioVersion = 10.0.40219.1
Project("{FAE04EC0-301F-11D3-BF4B-00C04F79EFBC}") = "SimpleCalc", "SimpleCalc\SimpleCalc.csproj", "{C60C18AF-4653-4B08-881A-03A8FFEC0DEE}"
EndProject
Global
	GlobalSection(SolutionConfigurationPlatforms) = preSolution
		Debug|Any CPU = Debug|Any CPU
		Release|Any CPU = Release|Any CPU
	EndGlobalSection
	GlobalSection(ProjectConfigurationPlatforms) = postSolution
		{C60C18AF-4653-4B08-881A-03A8FFEC0DEE}.Debug|Any CPU.ActiveCfg = Debug|Any CPU
		{C60C18AF-4653-4B08-881A-03A8FFEC0DEE}.Debug|Any CPU.Build.0 = Debug|Any CPU
		{C60C18AF-4653-4B08-881A-03A8FFEC0DEE}.Release|Any CPU.ActiveCfg = Release|Any CPU
		{C60C18AF-4653-4B08-881A-03A8FFEC0DEE}.Release|Any CPU.Build.0 = Release|Any CPU
	EndGlobalSection
	GlobalSection(SolutionProperties) = preSolution
		HideSolutionNode = FALSE
	EndGlobalSection
	GlobalSection(ExtensibilityGlobals) = postSolution
		SolutionGuid = {E63D4CD2-9778-475F-8841-024549E97F8B}
	EndGlobalSection
EndGlobal
