
Microsoft Visual Studio Solution File, Format Version 12.00
# Visual Studio Version 16
VisualStudioVersion = 16.0.31005.135
MinimumVisualStudioVersion = 10.0.40219.1
Project("{FAE04EC0-301F-11D3-BF4B-00C04F79EFBC}") = "ConsoleApp56", "ConsoleApp56\ConsoleApp56.csproj", "{BEF852FE-BF5D-448E-BCC3-3D3D4741A182}"
EndProject
Global
	GlobalSection(SolutionConfigurationPlatforms) = preSolution
		Debug|Any CPU = Debug|Any CPU
		Release|Any CPU = Release|Any CPU
	EndGlobalSection
	GlobalSection(ProjectConfigurationPlatforms) = postSolution
		{BEF852FE-BF5D-448E-BCC3-3D3D4741A182}.Debug|Any CPU.ActiveCfg = Debug|Any CPU
		{BEF852FE-BF5D-448E-BCC3-3D3D4741A182}.Debug|Any CPU.Build.0 = Debug|Any CPU
		{BEF852FE-BF5D-448E-BCC3-3D3D4741A182}.Release|Any CPU.ActiveCfg = Release|Any CPU
		{BEF852FE-BF5D-448E-BCC3-3D3D4741A182}.Release|Any CPU.Build.0 = Release|Any CPU
	EndGlobalSection
	GlobalSection(SolutionProperties) = preSolution
		HideSolutionNode = FALSE
	EndGlobalSection
	GlobalSection(ExtensibilityGlobals) = postSolution
		SolutionGuid = {D2836079-4403-4F0D-9257-8569F5F24052}
	EndGlobalSection
EndGlobal
